
Microsoft Visual Studio Solution File, Format Version 12.00
# Visual Studio Version 16
VisualStudioVersion = 16.0.31829.152
MinimumVisualStudioVersion = 10.0.40219.1
Project("{FAE04EC0-301F-11D3-BF4B-00C04F79EFBC}") = "ShiningSoul2_CodeGenerator", "ShiningSoul2_CodeGenerator\ShiningSoul2_CodeGenerator.csproj", "{51A10712-35AB-4F51-AF46-2B4091CA6A30}"
EndProject
Global
	GlobalSection(SolutionConfigurationPlatforms) = preSolution
		Debug|Any CPU = Debug|Any CPU
		Release|Any CPU = Release|Any CPU
	EndGlobalSection
	GlobalSection(ProjectConfigurationPlatforms) = postSolution
		{51A10712-35AB-4F51-AF46-2B4091CA6A30}.Debug|Any CPU.ActiveCfg = Debug|Any CPU
		{51A10712-35AB-4F51-AF46-2B4091CA6A30}.Debug|Any CPU.Build.0 = Debug|Any CPU
		{51A10712-35AB-4F51-AF46-2B4091CA6A30}.Release|Any CPU.ActiveCfg = Release|Any CPU
		{51A10712-35AB-4F51-AF46-2B4091CA6A30}.Release|Any CPU.Build.0 = Release|Any CPU
	EndGlobalSection
	GlobalSection(SolutionProperties) = preSolution
		HideSolutionNode = FALSE
	EndGlobalSection
	GlobalSection(ExtensibilityGlobals) = postSolution
		SolutionGuid = {A06F350E-1B89-4357-86EC-8CB20A676385}
	EndGlobalSection
EndGlobal
